
Microsoft Visual Studio Solution File, Format Version 12.00
# Visual Studio Version 17
VisualStudioVersion = 17.0.31903.59
MinimumVisualStudioVersion = 10.0.40219.1
Project("{2150E333-8FDC-42A3-9474-1A3956D46DE8}") = "Itens de Solução", "Itens de Solução", "{380A7511-A354-6D7A-0CC0-8FA1F1BA7B6C}"
	ProjectSection(SolutionItems) = preProject
		beastmode.md = beastmode.md
	EndProjectSection
EndProject
Project("{FAE04EC0-301F-11D3-BF4B-00C04F79EFBC}") = "GameStore.Catalogo", "GameStore.Catalogo\GameStore.Catalogo.csproj", "{71AE43DB-6A3F-4D9D-AEF5-1087A5C3CB2F}"
EndProject
Project("{FAE04EC0-301F-11D3-BF4B-00C04F79EFBC}") = "GameStore.Usuarios", "GameStore.Usuarios\GameStore.Usuarios.csproj", "{577CBEDD-6A34-4741-9F33-E5351379DA7D}"
EndProject
Project("{FAE04EC0-301F-11D3-BF4B-00C04F79EFBC}") = "GameStore.Vendas", "GameStore.Vendas\GameStore.Vendas.csproj", "{244A4EEC-31C9-458D-BA60-E359820FC7CF}"
EndProject
Project("{FAE04EC0-301F-11D3-BF4B-00C04F79EFBC}") = "GameStore.Usuarios.Tests", "GameStore.Usuarios.Tests\GameStore.Usuarios.Tests.csproj", "{5AA405EC-A319-4A7D-8423-DD28FA4197E4}"
EndProject
Project("{FAE04EC0-301F-11D3-BF4B-00C04F79EFBC}") = "GameStore.Catalogo.Tests", "GameStore.Catalogo.Tests\GameStore.Catalogo.Tests.csproj", "{6BB506FD-B420-4E8A-9FB3-2198B6D4C8E5}"
EndProject
Project("{FAE04EC0-301F-11D3-BF4B-00C04F79EFBC}") = "GameStore.Vendas.Tests", "GameStore.Vendas.Tests\GameStore.Vendas.Tests.csproj", "{6C1D2E74-22A1-8D02-760C-3E4302632097}"
EndProject
Project("{FAE04EC0-301F-11D3-BF4B-00C04F79EFBC}") = "GameStore.CQRS.Abstractions", "GameStore.CQRS.Abstractions\GameStore.CQRS.Abstractions.csproj", "{AA48DD4F-0B7E-4BE9-BD12-7F9FCA9EFB74}"
EndProject
Project("{FAE04EC0-301F-11D3-BF4B-00C04F79EFBC}") = "GameStore.Common", "GameStore.Common\GameStore.Common.csproj", "{AA790EDE-B5F6-4645-976C-2A112AF21DEE}"
EndProject
Project("{FAE04EC0-301F-11D3-BF4B-00C04F79EFBC}") = "GameStore.Common.Tests", "GameStore.Common.Tests\GameStore.Common.Tests.csproj", "{D66C5B7A-11CB-4585-A3B9-06F91870EC7D}"
EndProject
Project("{FAE04EC0-301F-11D3-BF4B-00C04F79EFBC}") = "GameStore.Catalogo.API.Tests", "GameStore.Catalogo.API.Tests\GameStore.Catalogo.API.Tests.csproj", "{D3D0D218-AE05-45E8-8C81-DE9656FA3E99}"
EndProject
Project("{FAE04EC0-301F-11D3-BF4B-00C04F79EFBC}") = "GameStore.Usuarios.API.Tests", "GameStore.Usuarios.API.Tests\GameStore.Usuarios.API.Tests.csproj", "{2757B2C1-643F-4326-AD2D-4D030870AA7E}"
EndProject
Project("{FAE04EC0-301F-11D3-BF4B-00C04F79EFBC}") = "GameStore.Vendas.API.Tests", "GameStore.Vendas.API.Tests\GameStore.Vendas.API.Tests.csproj", "{A60DEFE4-D9E8-4B46-BBCB-AD4B47033BF8}"
EndProject
Project("{FAE04EC0-301F-11D3-BF4B-00C04F79EFBC}") = "GameStore.Notifications.Functions", "GameStore.Notifications.Functions\GameStore.Notifications.Functions.csproj", "{3A73FFB2-9C37-4D50-8D7D-86144BF07CF1}"
EndProject
Project("{FAE04EC0-301F-11D3-BF4B-00C04F79EFBC}") = "GameStore.Partidas", "GameStore.Partidas\GameStore.Partidas.csproj", "{D8B65DBB-46C5-4B3C-B85F-D12F9521F6CB}"
EndProject
Project("{FAE04EC0-301F-11D3-BF4B-00C04F79EFBC}") = "GameStore.Partidas.Tests", "GameStore.Partidas.Tests\GameStore.Partidas.Tests.csproj", "{A281F7CB-C639-48D4-BF80-CD2939F5B721}"
EndProject
Project("{FAE04EC0-301F-11D3-BF4B-00C04F79EFBC}") = "GameStore.Partidas.API", "GameStore.Partidas.API\GameStore.Partidas.API.csproj", "{3077D9E1-5BE9-4DB7-8BDB-A6C7DF8EAA50}"
EndProject
Project("{FAE04EC0-301F-11D3-BF4B-00C04F79EFBC}") = "GameStore.Partidas.API.Tests", "GameStore.Partidas.API.Tests\GameStore.Partidas.API.Tests.csproj", "{52D1D48A-1A0A-4CBD-8A37-A36463934A53}"
EndProject
Global
	GlobalSection(SolutionConfigurationPlatforms) = preSolution
		Debug|Any CPU = Debug|Any CPU
		Debug|x64 = Debug|x64
		Debug|x86 = Debug|x86
		Release|Any CPU = Release|Any CPU
		Release|x64 = Release|x64
		Release|x86 = Release|x86
	EndGlobalSection
	GlobalSection(ProjectConfigurationPlatforms) = postSolution
		{71AE43DB-6A3F-4D9D-AEF5-1087A5C3CB2F}.Debug|Any CPU.ActiveCfg = Debug|Any CPU
		{71AE43DB-6A3F-4D9D-AEF5-1087A5C3CB2F}.Debug|Any CPU.Build.0 = Debug|Any CPU
		{71AE43DB-6A3F-4D9D-AEF5-1087A5C3CB2F}.Debug|x64.ActiveCfg = Debug|Any CPU
		{71AE43DB-6A3F-4D9D-AEF5-1087A5C3CB2F}.Debug|x64.Build.0 = Debug|Any CPU
		{71AE43DB-6A3F-4D9D-AEF5-1087A5C3CB2F}.Debug|x86.ActiveCfg = Debug|Any CPU
		{71AE43DB-6A3F-4D9D-AEF5-1087A5C3CB2F}.Debug|x86.Build.0 = Debug|Any CPU
		{71AE43DB-6A3F-4D9D-AEF5-1087A5C3CB2F}.Release|Any CPU.ActiveCfg = Release|Any CPU
		{71AE43DB-6A3F-4D9D-AEF5-1087A5C3CB2F}.Release|Any CPU.Build.0 = Release|Any CPU
		{71AE43DB-6A3F-4D9D-AEF5-1087A5C3CB2F}.Release|x64.ActiveCfg = Release|Any CPU
		{71AE43DB-6A3F-4D9D-AEF5-1087A5C3CB2F}.Release|x64.Build.0 = Release|Any CPU
		{71AE43DB-6A3F-4D9D-AEF5-1087A5C3CB2F}.Release|x86.ActiveCfg = Release|Any CPU
		{71AE43DB-6A3F-4D9D-AEF5-1087A5C3CB2F}.Release|x86.Build.0 = Release|Any CPU
		{577CBEDD-6A34-4741-9F33-E5351379DA7D}.Debug|Any CPU.ActiveCfg = Debug|Any CPU
		{577CBEDD-6A34-4741-9F33-E5351379DA7D}.Debug|Any CPU.Build.0 = Debug|Any CPU
		{577CBEDD-6A34-4741-9F33-E5351379DA7D}.Debug|x64.ActiveCfg = Debug|Any CPU
		{577CBEDD-6A34-4741-9F33-E5351379DA7D}.Debug|x64.Build.0 = Debug|Any CPU
		{577CBEDD-6A34-4741-9F33-E5351379DA7D}.Debug|x86.ActiveCfg = Debug|Any CPU
		{577CBEDD-6A34-4741-9F33-E5351379DA7D}.Debug|x86.Build.0 = Debug|Any CPU
		{577CBEDD-6A34-4741-9F33-E5351379DA7D}.Release|Any CPU.ActiveCfg = Release|Any CPU
		{577CBEDD-6A34-4741-9F33-E5351379DA7D}.Release|Any CPU.Build.0 = Release|Any CPU
		{577CBEDD-6A34-4741-9F33-E5351379DA7D}.Release|x64.ActiveCfg = Release|Any CPU
		{577CBEDD-6A34-4741-9F33-E5351379DA7D}.Release|x64.Build.0 = Release|Any CPU
		{577CBEDD-6A34-4741-9F33-E5351379DA7D}.Release|x86.ActiveCfg = Release|Any CPU
		{577CBEDD-6A34-4741-9F33-E5351379DA7D}.Release|x86.Build.0 = Release|Any CPU
		{244A4EEC-31C9-458D-BA60-E359820FC7CF}.Debug|Any CPU.ActiveCfg = Debug|Any CPU
		{244A4EEC-31C9-458D-BA60-E359820FC7CF}.Debug|Any CPU.Build.0 = Debug|Any CPU
		{244A4EEC-31C9-458D-BA60-E359820FC7CF}.Debug|x64.ActiveCfg = Debug|Any CPU
		{244A4EEC-31C9-458D-BA60-E359820FC7CF}.Debug|x64.Build.0 = Debug|Any CPU
		{244A4EEC-31C9-458D-BA60-E359820FC7CF}.Debug|x86.ActiveCfg = Debug|Any CPU
		{244A4EEC-31C9-458D-BA60-E359820FC7CF}.Debug|x86.Build.0 = Debug|Any CPU
		{244A4EEC-31C9-458D-BA60-E359820FC7CF}.Release|Any CPU.ActiveCfg = Release|Any CPU
		{244A4EEC-31C9-458D-BA60-E359820FC7CF}.Release|Any CPU.Build.0 = Release|Any CPU
		{244A4EEC-31C9-458D-BA60-E359820FC7CF}.Release|x64.ActiveCfg = Release|Any CPU
		{244A4EEC-31C9-458D-BA60-E359820FC7CF}.Release|x64.Build.0 = Release|Any CPU
		{244A4EEC-31C9-458D-BA60-E359820FC7CF}.Release|x86.ActiveCfg = Release|Any CPU
		{244A4EEC-31C9-458D-BA60-E359820FC7CF}.Release|x86.Build.0 = Release|Any CPU
		{5AA405EC-A319-4A7D-8423-DD28FA4197E4}.Debug|Any CPU.ActiveCfg = Debug|Any CPU
		{5AA405EC-A319-4A7D-8423-DD28FA4197E4}.Debug|Any CPU.Build.0 = Debug|Any CPU
		{5AA405EC-A319-4A7D-8423-DD28FA4197E4}.Debug|x64.ActiveCfg = Debug|Any CPU
		{5AA405EC-A319-4A7D-8423-DD28FA4197E4}.Debug|x64.Build.0 = Debug|Any CPU
		{5AA405EC-A319-4A7D-8423-DD28FA4197E4}.Debug|x86.ActiveCfg = Debug|Any CPU
		{5AA405EC-A319-4A7D-8423-DD28FA4197E4}.Debug|x86.Build.0 = Debug|Any CPU
		{5AA405EC-A319-4A7D-8423-DD28FA4197E4}.Release|Any CPU.ActiveCfg = Release|Any CPU
		{5AA405EC-A319-4A7D-8423-DD28FA4197E4}.Release|Any CPU.Build.0 = Release|Any CPU
		{5AA405EC-A319-4A7D-8423-DD28FA4197E4}.Release|x64.ActiveCfg = Release|Any CPU
		{5AA405EC-A319-4A7D-8423-DD28FA4197E4}.Release|x64.Build.0 = Release|Any CPU
		{5AA405EC-A319-4A7D-8423-DD28FA4197E4}.Release|x86.ActiveCfg = Release|Any CPU
		{5AA405EC-A319-4A7D-8423-DD28FA4197E4}.Release|x86.Build.0 = Release|Any CPU
		{6BB506FD-B420-4E8A-9FB3-2198B6D4C8E5}.Debug|Any CPU.ActiveCfg = Debug|Any CPU
		{6BB506FD-B420-4E8A-9FB3-2198B6D4C8E5}.Debug|Any CPU.Build.0 = Debug|Any CPU
		{6BB506FD-B420-4E8A-9FB3-2198B6D4C8E5}.Debug|x64.ActiveCfg = Debug|Any CPU
		{6BB506FD-B420-4E8A-9FB3-2198B6D4C8E5}.Debug|x64.Build.0 = Debug|Any CPU
		{6BB506FD-B420-4E8A-9FB3-2198B6D4C8E5}.Debug|x86.ActiveCfg = Debug|Any CPU
		{6BB506FD-B420-4E8A-9FB3-2198B6D4C8E5}.Debug|x86.Build.0 = Debug|Any CPU
		{6BB506FD-B420-4E8A-9FB3-2198B6D4C8E5}.Release|Any CPU.ActiveCfg = Release|Any CPU
		{6BB506FD-B420-4E8A-9FB3-2198B6D4C8E5}.Release|Any CPU.Build.0 = Release|Any CPU
		{6BB506FD-B420-4E8A-9FB3-2198B6D4C8E5}.Release|x64.ActiveCfg = Release|Any CPU
		{6BB506FD-B420-4E8A-9FB3-2198B6D4C8E5}.Release|x64.Build.0 = Release|Any CPU
		{6BB506FD-B420-4E8A-9FB3-2198B6D4C8E5}.Release|x86.ActiveCfg = Release|Any CPU
		{6BB506FD-B420-4E8A-9FB3-2198B6D4C8E5}.Release|x86.Build.0 = Release|Any CPU
		{6C1D2E74-22A1-8D02-760C-3E4302632097}.Debug|Any CPU.ActiveCfg = Debug|Any CPU
		{6C1D2E74-22A1-8D02-760C-3E4302632097}.Debug|Any CPU.Build.0 = Debug|Any CPU
		{6C1D2E74-22A1-8D02-760C-3E4302632097}.Debug|x64.ActiveCfg = Debug|Any CPU
		{6C1D2E74-22A1-8D02-760C-3E4302632097}.Debug|x64.Build.0 = Debug|Any CPU
		{6C1D2E74-22A1-8D02-760C-3E4302632097}.Debug|x86.ActiveCfg = Debug|Any CPU
		{6C1D2E74-22A1-8D02-760C-3E4302632097}.Debug|x86.Build.0 = Debug|Any CPU
		{6C1D2E74-22A1-8D02-760C-3E4302632097}.Release|Any CPU.ActiveCfg = Release|Any CPU
		{6C1D2E74-22A1-8D02-760C-3E4302632097}.Release|Any CPU.Build.0 = Release|Any CPU
		{6C1D2E74-22A1-8D02-760C-3E4302632097}.Release|x64.ActiveCfg = Release|Any CPU
		{6C1D2E74-22A1-8D02-760C-3E4302632097}.Release|x64.Build.0 = Release|Any CPU
		{6C1D2E74-22A1-8D02-760C-3E4302632097}.Release|x86.ActiveCfg = Release|Any CPU
		{6C1D2E74-22A1-8D02-760C-3E4302632097}.Release|x86.Build.0 = Release|Any CPU
		{AA48DD4F-0B7E-4BE9-BD12-7F9FCA9EFB74}.Debug|Any CPU.ActiveCfg = Debug|Any CPU
		{AA48DD4F-0B7E-4BE9-BD12-7F9FCA9EFB74}.Debug|Any CPU.Build.0 = Debug|Any CPU
		{AA48DD4F-0B7E-4BE9-BD12-7F9FCA9EFB74}.Debug|x64.ActiveCfg = Debug|Any CPU
		{AA48DD4F-0B7E-4BE9-BD12-7F9FCA9EFB74}.Debug|x64.Build.0 = Debug|Any CPU
		{AA48DD4F-0B7E-4BE9-BD12-7F9FCA9EFB74}.Debug|x86.ActiveCfg = Debug|Any CPU
		{AA48DD4F-0B7E-4BE9-BD12-7F9FCA9EFB74}.Debug|x86.Build.0 = Debug|Any CPU
		{AA48DD4F-0B7E-4BE9-BD12-7F9FCA9EFB74}.Release|Any CPU.ActiveCfg = Release|Any CPU
		{AA48DD4F-0B7E-4BE9-BD12-7F9FCA9EFB74}.Release|Any CPU.Build.0 = Release|Any CPU
		{AA48DD4F-0B7E-4BE9-BD12-7F9FCA9EFB74}.Release|x64.ActiveCfg = Release|Any CPU
		{AA48DD4F-0B7E-4BE9-BD12-7F9FCA9EFB74}.Release|x64.Build.0 = Release|Any CPU
		{AA48DD4F-0B7E-4BE9-BD12-7F9FCA9EFB74}.Release|x86.ActiveCfg = Release|Any CPU
		{AA48DD4F-0B7E-4BE9-BD12-7F9FCA9EFB74}.Release|x86.Build.0 = Release|Any CPU
		{AA790EDE-B5F6-4645-976C-2A112AF21DEE}.Debug|Any CPU.ActiveCfg = Debug|Any CPU
		{AA790EDE-B5F6-4645-976C-2A112AF21DEE}.Debug|Any CPU.Build.0 = Debug|Any CPU
		{AA790EDE-B5F6-4645-976C-2A112AF21DEE}.Debug|x64.ActiveCfg = Debug|Any CPU
		{AA790EDE-B5F6-4645-976C-2A112AF21DEE}.Debug|x64.Build.0 = Debug|Any CPU
		{AA790EDE-B5F6-4645-976C-2A112AF21DEE}.Debug|x86.ActiveCfg = Debug|Any CPU
		{AA790EDE-B5F6-4645-976C-2A112AF21DEE}.Debug|x86.Build.0 = Debug|Any CPU
		{AA790EDE-B5F6-4645-976C-2A112AF21DEE}.Release|Any CPU.ActiveCfg = Release|Any CPU
		{AA790EDE-B5F6-4645-976C-2A112AF21DEE}.Release|Any CPU.Build.0 = Release|Any CPU
		{AA790EDE-B5F6-4645-976C-2A112AF21DEE}.Release|x64.ActiveCfg = Release|Any CPU
		{AA790EDE-B5F6-4645-976C-2A112AF21DEE}.Release|x64.Build.0 = Release|Any CPU
		{AA790EDE-B5F6-4645-976C-2A112AF21DEE}.Release|x86.ActiveCfg = Release|Any CPU
		{AA790EDE-B5F6-4645-976C-2A112AF21DEE}.Release|x86.Build.0 = Release|Any CPU
		{D66C5B7A-11CB-4585-A3B9-06F91870EC7D}.Debug|Any CPU.ActiveCfg = Debug|Any CPU
		{D66C5B7A-11CB-4585-A3B9-06F91870EC7D}.Debug|Any CPU.Build.0 = Debug|Any CPU
		{D66C5B7A-11CB-4585-A3B9-06F91870EC7D}.Debug|x64.ActiveCfg = Debug|Any CPU
		{D66C5B7A-11CB-4585-A3B9-06F91870EC7D}.Debug|x64.Build.0 = Debug|Any CPU
		{D66C5B7A-11CB-4585-A3B9-06F91870EC7D}.Debug|x86.ActiveCfg = Debug|Any CPU
		{D66C5B7A-11CB-4585-A3B9-06F91870EC7D}.Debug|x86.Build.0 = Debug|Any CPU
		{D66C5B7A-11CB-4585-A3B9-06F91870EC7D}.Release|Any CPU.ActiveCfg = Release|Any CPU
		{D66C5B7A-11CB-4585-A3B9-06F91870EC7D}.Release|Any CPU.Build.0 = Release|Any CPU
		{D66C5B7A-11CB-4585-A3B9-06F91870EC7D}.Release|x64.ActiveCfg = Release|Any CPU
		{D66C5B7A-11CB-4585-A3B9-06F91870EC7D}.Release|x64.Build.0 = Release|Any CPU
		{D66C5B7A-11CB-4585-A3B9-06F91870EC7D}.Release|x86.ActiveCfg = Release|Any CPU
		{D66C5B7A-11CB-4585-A3B9-06F91870EC7D}.Release|x86.Build.0 = Release|Any CPU
		{D3D0D218-AE05-45E8-8C81-DE9656FA3E99}.Debug|Any CPU.ActiveCfg = Debug|Any CPU
		{D3D0D218-AE05-45E8-8C81-DE9656FA3E99}.Debug|Any CPU.Build.0 = Debug|Any CPU
		{D3D0D218-AE05-45E8-8C81-DE9656FA3E99}.Debug|x64.ActiveCfg = Debug|Any CPU
		{D3D0D218-AE05-45E8-8C81-DE9656FA3E99}.Debug|x64.Build.0 = Debug|Any CPU
		{D3D0D218-AE05-45E8-8C81-DE9656FA3E99}.Debug|x86.ActiveCfg = Debug|Any CPU
		{D3D0D218-AE05-45E8-8C81-DE9656FA3E99}.Debug|x86.Build.0 = Debug|Any CPU
		{D3D0D218-AE05-45E8-8C81-DE9656FA3E99}.Release|Any CPU.ActiveCfg = Release|Any CPU
		{D3D0D218-AE05-45E8-8C81-DE9656FA3E99}.Release|Any CPU.Build.0 = Release|Any CPU
		{D3D0D218-AE05-45E8-8C81-DE9656FA3E99}.Release|x64.ActiveCfg = Release|Any CPU
		{D3D0D218-AE05-45E8-8C81-DE9656FA3E99}.Release|x64.Build.0 = Release|Any CPU
		{D3D0D218-AE05-45E8-8C81-DE9656FA3E99}.Release|x86.ActiveCfg = Release|Any CPU
		{D3D0D218-AE05-45E8-8C81-DE9656FA3E99}.Release|x86.Build.0 = Release|Any CPU
		{2757B2C1-643F-4326-AD2D-4D030870AA7E}.Debug|Any CPU.ActiveCfg = Debug|Any CPU
		{2757B2C1-643F-4326-AD2D-4D030870AA7E}.Debug|Any CPU.Build.0 = Debug|Any CPU
		{2757B2C1-643F-4326-AD2D-4D030870AA7E}.Debug|x64.ActiveCfg = Debug|Any CPU
		{2757B2C1-643F-4326-AD2D-4D030870AA7E}.Debug|x64.Build.0 = Debug|Any CPU
		{2757B2C1-643F-4326-AD2D-4D030870AA7E}.Debug|x86.ActiveCfg = Debug|Any CPU
		{2757B2C1-643F-4326-AD2D-4D030870AA7E}.Debug|x86.Build.0 = Debug|Any CPU
		{2757B2C1-643F-4326-AD2D-4D030870AA7E}.Release|Any CPU.ActiveCfg = Release|Any CPU
		{2757B2C1-643F-4326-AD2D-4D030870AA7E}.Release|Any CPU.Build.0 = Release|Any CPU
		{2757B2C1-643F-4326-AD2D-4D030870AA7E}.Release|x64.ActiveCfg = Release|Any CPU
		{2757B2C1-643F-4326-AD2D-4D030870AA7E}.Release|x64.Build.0 = Release|Any CPU
		{2757B2C1-643F-4326-AD2D-4D030870AA7E}.Release|x86.ActiveCfg = Release|Any CPU
		{2757B2C1-643F-4326-AD2D-4D030870AA7E}.Release|x86.Build.0 = Release|Any CPU
		{A60DEFE4-D9E8-4B46-BBCB-AD4B47033BF8}.Debug|Any CPU.ActiveCfg = Debug|Any CPU
		{A60DEFE4-D9E8-4B46-BBCB-AD4B47033BF8}.Debug|Any CPU.Build.0 = Debug|Any CPU
		{A60DEFE4-D9E8-4B46-BBCB-AD4B47033BF8}.Debug|x64.ActiveCfg = Debug|Any CPU
		{A60DEFE4-D9E8-4B46-BBCB-AD4B47033BF8}.Debug|x64.Build.0 = Debug|Any CPU
		{A60DEFE4-D9E8-4B46-BBCB-AD4B47033BF8}.Debug|x86.ActiveCfg = Debug|Any CPU
		{A60DEFE4-D9E8-4B46-BBCB-AD4B47033BF8}.Debug|x86.Build.0 = Debug|Any CPU
		{A60DEFE4-D9E8-4B46-BBCB-AD4B47033BF8}.Release|Any CPU.ActiveCfg = Release|Any CPU
		{A60DEFE4-D9E8-4B46-BBCB-AD4B47033BF8}.Release|Any CPU.Build.0 = Release|Any CPU
		{A60DEFE4-D9E8-4B46-BBCB-AD4B47033BF8}.Release|x64.ActiveCfg = Release|Any CPU
		{A60DEFE4-D9E8-4B46-BBCB-AD4B47033BF8}.Release|x64.Build.0 = Release|Any CPU
		{A60DEFE4-D9E8-4B46-BBCB-AD4B47033BF8}.Release|x86.ActiveCfg = Release|Any CPU
		{A60DEFE4-D9E8-4B46-BBCB-AD4B47033BF8}.Release|x86.Build.0 = Release|Any CPU
		{3A73FFB2-9C37-4D50-8D7D-86144BF07CF1}.Debug|Any CPU.ActiveCfg = Debug|Any CPU
		{3A73FFB2-9C37-4D50-8D7D-86144BF07CF1}.Debug|Any CPU.Build.0 = Debug|Any CPU
		{3A73FFB2-9C37-4D50-8D7D-86144BF07CF1}.Debug|x64.ActiveCfg = Debug|Any CPU
		{3A73FFB2-9C37-4D50-8D7D-86144BF07CF1}.Debug|x64.Build.0 = Debug|Any CPU
		{3A73FFB2-9C37-4D50-8D7D-86144BF07CF1}.Debug|x86.ActiveCfg = Debug|Any CPU
		{3A73FFB2-9C37-4D50-8D7D-86144BF07CF1}.Debug|x86.Build.0 = Debug|Any CPU
		{3A73FFB2-9C37-4D50-8D7D-86144BF07CF1}.Release|Any CPU.ActiveCfg = Release|Any CPU
		{3A73FFB2-9C37-4D50-8D7D-86144BF07CF1}.Release|Any CPU.Build.0 = Release|Any CPU
		{3A73FFB2-9C37-4D50-8D7D-86144BF07CF1}.Release|x64.ActiveCfg = Release|Any CPU
		{3A73FFB2-9C37-4D50-8D7D-86144BF07CF1}.Release|x64.Build.0 = Release|Any CPU
		{3A73FFB2-9C37-4D50-8D7D-86144BF07CF1}.Release|x86.ActiveCfg = Release|Any CPU
		{3A73FFB2-9C37-4D50-8D7D-86144BF07CF1}.Release|x86.Build.0 = Release|Any CPU
		{D8B65DBB-46C5-4B3C-B85F-D12F9521F6CB}.Debug|Any CPU.ActiveCfg = Debug|Any CPU
		{D8B65DBB-46C5-4B3C-B85F-D12F9521F6CB}.Debug|Any CPU.Build.0 = Debug|Any CPU
		{D8B65DBB-46C5-4B3C-B85F-D12F9521F6CB}.Debug|x64.ActiveCfg = Debug|Any CPU
		{D8B65DBB-46C5-4B3C-B85F-D12F9521F6CB}.Debug|x64.Build.0 = Debug|Any CPU
		{D8B65DBB-46C5-4B3C-B85F-D12F9521F6CB}.Debug|x86.ActiveCfg = Debug|Any CPU
		{D8B65DBB-46C5-4B3C-B85F-D12F9521F6CB}.Debug|x86.Build.0 = Debug|Any CPU
		{D8B65DBB-46C5-4B3C-B85F-D12F9521F6CB}.Release|Any CPU.ActiveCfg = Release|Any CPU
		{D8B65DBB-46C5-4B3C-B85F-D12F9521F6CB}.Release|Any CPU.Build.0 = Release|Any CPU
		{D8B65DBB-46C5-4B3C-B85F-D12F9521F6CB}.Release|x64.ActiveCfg = Release|Any CPU
		{D8B65DBB-46C5-4B3C-B85F-D12F9521F6CB}.Release|x64.Build.0 = Release|Any CPU
		{D8B65DBB-46C5-4B3C-B85F-D12F9521F6CB}.Release|x86.ActiveCfg = Release|Any CPU
		{D8B65DBB-46C5-4B3C-B85F-D12F9521F6CB}.Release|x86.Build.0 = Release|Any CPU
		{A281F7CB-C639-48D4-BF80-CD2939F5B721}.Debug|Any CPU.ActiveCfg = Debug|Any CPU
		{A281F7CB-C639-48D4-BF80-CD2939F5B721}.Debug|Any CPU.Build.0 = Debug|Any CPU
		{A281F7CB-C639-48D4-BF80-CD2939F5B721}.Debug|x64.ActiveCfg = Debug|Any CPU
		{A281F7CB-C639-48D4-BF80-CD2939F5B721}.Debug|x64.Build.0 = Debug|Any CPU
		{A281F7CB-C639-48D4-BF80-CD2939F5B721}.Debug|x86.ActiveCfg = Debug|Any CPU
		{A281F7CB-C639-48D4-BF80-CD2939F5B721}.Debug|x86.Build.0 = Debug|Any CPU
		{A281F7CB-C639-48D4-BF80-CD2939F5B721}.Release|Any CPU.ActiveCfg = Release|Any CPU
		{A281F7CB-C639-48D4-BF80-CD2939F5B721}.Release|Any CPU.Build.0 = Release|Any CPU
		{A281F7CB-C639-48D4-BF80-CD2939F5B721}.Release|x64.ActiveCfg = Release|Any CPU
		{A281F7CB-C639-48D4-BF80-CD2939F5B721}.Release|x64.Build.0 = Release|Any CPU
		{A281F7CB-C639-48D4-BF80-CD2939F5B721}.Release|x86.ActiveCfg = Release|Any CPU
		{A281F7CB-C639-48D4-BF80-CD2939F5B721}.Release|x86.Build.0 = Release|Any CPU
		{3077D9E1-5BE9-4DB7-8BDB-A6C7DF8EAA50}.Debug|Any CPU.ActiveCfg = Debug|Any CPU
		{3077D9E1-5BE9-4DB7-8BDB-A6C7DF8EAA50}.Debug|Any CPU.Build.0 = Debug|Any CPU
		{3077D9E1-5BE9-4DB7-8BDB-A6C7DF8EAA50}.Debug|x64.ActiveCfg = Debug|Any CPU
		{3077D9E1-5BE9-4DB7-8BDB-A6C7DF8EAA50}.Debug|x64.Build.0 = Debug|Any CPU
		{3077D9E1-5BE9-4DB7-8BDB-A6C7DF8EAA50}.Debug|x86.ActiveCfg = Debug|Any CPU
		{3077D9E1-5BE9-4DB7-8BDB-A6C7DF8EAA50}.Debug|x86.Build.0 = Debug|Any CPU
		{3077D9E1-5BE9-4DB7-8BDB-A6C7DF8EAA50}.Release|Any CPU.ActiveCfg = Release|Any CPU
		{3077D9E1-5BE9-4DB7-8BDB-A6C7DF8EAA50}.Release|Any CPU.Build.0 = Release|Any CPU
		{3077D9E1-5BE9-4DB7-8BDB-A6C7DF8EAA50}.Release|x64.ActiveCfg = Release|Any CPU
		{3077D9E1-5BE9-4DB7-8BDB-A6C7DF8EAA50}.Release|x64.Build.0 = Release|Any CPU
		{3077D9E1-5BE9-4DB7-8BDB-A6C7DF8EAA50}.Release|x86.ActiveCfg = Release|Any CPU
		{3077D9E1-5BE9-4DB7-8BDB-A6C7DF8EAA50}.Release|x86.Build.0 = Release|Any CPU
		{52D1D48A-1A0A-4CBD-8A37-A36463934A53}.Debug|Any CPU.ActiveCfg = Debug|Any CPU
		{52D1D48A-1A0A-4CBD-8A37-A36463934A53}.Debug|Any CPU.Build.0 = Debug|Any CPU
		{52D1D48A-1A0A-4CBD-8A37-A36463934A53}.Debug|x64.ActiveCfg = Debug|Any CPU
		{52D1D48A-1A0A-4CBD-8A37-A36463934A53}.Debug|x64.Build.0 = Debug|Any CPU
		{52D1D48A-1A0A-4CBD-8A37-A36463934A53}.Debug|x86.ActiveCfg = Debug|Any CPU
		{52D1D48A-1A0A-4CBD-8A37-A36463934A53}.Debug|x86.Build.0 = Debug|Any CPU
		{52D1D48A-1A0A-4CBD-8A37-A36463934A53}.Release|Any CPU.ActiveCfg = Release|Any CPU
		{52D1D48A-1A0A-4CBD-8A37-A36463934A53}.Release|Any CPU.Build.0 = Release|Any CPU
		{52D1D48A-1A0A-4CBD-8A37-A36463934A53}.Release|x64.ActiveCfg = Release|Any CPU
		{52D1D48A-1A0A-4CBD-8A37-A36463934A53}.Release|x64.Build.0 = Release|Any CPU
		{52D1D48A-1A0A-4CBD-8A37-A36463934A53}.Release|x86.ActiveCfg = Release|Any CPU
		{52D1D48A-1A0A-4CBD-8A37-A36463934A53}.Release|x86.Build.0 = Release|Any CPU
	EndGlobalSection
	GlobalSection(SolutionProperties) = preSolution
		HideSolutionNode = FALSE
	EndGlobalSection
	GlobalSection(ExtensibilityGlobals) = postSolution
		SolutionGuid = {69131B3B-8745-4FBD-931E-DEC1EF0166E2}
	EndGlobalSection
EndGlobal
