
Microsoft Visual Studio Solution File, Format Version 12.00
# Visual Studio Version 17
VisualStudioVersion = 17.0.31903.59
MinimumVisualStudioVersion = 10.0.40219.1
Project("{FAE04EC0-301F-11D3-BF4B-00C04F79EFBC}") = "TheThroneOfGames.API", "TheThroneOfGames.API\TheThroneOfGames.API.csproj", "{CD775E85-9E6F-4713-8F1D-98445B64442F}"
EndProject
Project("{FAE04EC0-301F-11D3-BF4B-00C04F79EFBC}") = "TheThroneOfGames.Application", "TheThroneOfGames.Application\TheThroneOfGames.Application.csproj", "{0499A02A-7750-40F4-88A8-57CCD8D91BC6}"
EndProject
Project("{FAE04EC0-301F-11D3-BF4B-00C04F79EFBC}") = "TheThroneOfGames.Domain", "TheThroneOfGames.Domain\TheThroneOfGames.Domain.csproj", "{D00A4A30-6C83-4306-879F-036E183F398A}"
EndProject
Project("{FAE04EC0-301F-11D3-BF4B-00C04F79EFBC}") = "TheThroneOfGames.Infrastructure", "TheThroneOfGames.Infrastructure\TheThroneOfGames.Infrastructure.csproj", "{27AFD4C7-2F98-44A4-9ADF-FF6B23B5156A}"
EndProject
Project("{FAE04EC0-301F-11D3-BF4B-00C04F79EFBC}") = "Test", "Test\Test.csproj", "{9A086E8E-BA66-4670-921A-F4AC5BF336B5}"
EndProject
Project("{2150E333-8FDC-42A3-9474-1A3956D46DE8}") = "Itens de Solução", "Itens de Solução", "{380A7511-A354-6D7A-0CC0-8FA1F1BA7B6C}"
	ProjectSection(SolutionItems) = preProject
		beastmode.md = beastmode.md
	EndProjectSection
EndProject
Global
	GlobalSection(SolutionConfigurationPlatforms) = preSolution
		Debug|Any CPU = Debug|Any CPU
		Debug|x64 = Debug|x64
		Debug|x86 = Debug|x86
		Release|Any CPU = Release|Any CPU
		Release|x64 = Release|x64
		Release|x86 = Release|x86
	EndGlobalSection
	GlobalSection(ProjectConfigurationPlatforms) = postSolution
		{CD775E85-9E6F-4713-8F1D-98445B64442F}.Debug|Any CPU.ActiveCfg = Debug|Any CPU
		{CD775E85-9E6F-4713-8F1D-98445B64442F}.Debug|Any CPU.Build.0 = Debug|Any CPU
		{CD775E85-9E6F-4713-8F1D-98445B64442F}.Debug|x64.ActiveCfg = Debug|Any CPU
		{CD775E85-9E6F-4713-8F1D-98445B64442F}.Debug|x64.Build.0 = Debug|Any CPU
		{CD775E85-9E6F-4713-8F1D-98445B64442F}.Debug|x86.ActiveCfg = Debug|Any CPU
		{CD775E85-9E6F-4713-8F1D-98445B64442F}.Debug|x86.Build.0 = Debug|Any CPU
		{CD775E85-9E6F-4713-8F1D-98445B64442F}.Release|Any CPU.ActiveCfg = Release|Any CPU
		{CD775E85-9E6F-4713-8F1D-98445B64442F}.Release|Any CPU.Build.0 = Release|Any CPU
		{CD775E85-9E6F-4713-8F1D-98445B64442F}.Release|x64.ActiveCfg = Release|Any CPU
		{CD775E85-9E6F-4713-8F1D-98445B64442F}.Release|x64.Build.0 = Release|Any CPU
		{CD775E85-9E6F-4713-8F1D-98445B64442F}.Release|x86.ActiveCfg = Release|Any CPU
		{CD775E85-9E6F-4713-8F1D-98445B64442F}.Release|x86.Build.0 = Release|Any CPU
		{0499A02A-7750-40F4-88A8-57CCD8D91BC6}.Debug|Any CPU.ActiveCfg = Debug|Any CPU
		{0499A02A-7750-40F4-88A8-57CCD8D91BC6}.Debug|Any CPU.Build.0 = Debug|Any CPU
		{0499A02A-7750-40F4-88A8-57CCD8D91BC6}.Debug|x64.ActiveCfg = Debug|Any CPU
		{0499A02A-7750-40F4-88A8-57CCD8D91BC6}.Debug|x64.Build.0 = Debug|Any CPU
		{0499A02A-7750-40F4-88A8-57CCD8D91BC6}.Debug|x86.ActiveCfg = Debug|Any CPU
		{0499A02A-7750-40F4-88A8-57CCD8D91BC6}.Debug|x86.Build.0 = Debug|Any CPU
		{0499A02A-7750-40F4-88A8-57CCD8D91BC6}.Release|Any CPU.ActiveCfg = Release|Any CPU
		{0499A02A-7750-40F4-88A8-57CCD8D91BC6}.Release|Any CPU.Build.0 = Release|Any CPU
		{0499A02A-7750-40F4-88A8-57CCD8D91BC6}.Release|x64.ActiveCfg = Release|Any CPU
		{0499A02A-7750-40F4-88A8-57CCD8D91BC6}.Release|x64.Build.0 = Release|Any CPU
		{0499A02A-7750-40F4-88A8-57CCD8D91BC6}.Release|x86.ActiveCfg = Release|Any CPU
		{0499A02A-7750-40F4-88A8-57CCD8D91BC6}.Release|x86.Build.0 = Release|Any CPU
		{D00A4A30-6C83-4306-879F-036E183F398A}.Debug|Any CPU.ActiveCfg = Debug|Any CPU
		{D00A4A30-6C83-4306-879F-036E183F398A}.Debug|Any CPU.Build.0 = Debug|Any CPU
		{D00A4A30-6C83-4306-879F-036E183F398A}.Debug|x64.ActiveCfg = Debug|Any CPU
		{D00A4A30-6C83-4306-879F-036E183F398A}.Debug|x64.Build.0 = Debug|Any CPU
		{D00A4A30-6C83-4306-879F-036E183F398A}.Debug|x86.ActiveCfg = Debug|Any CPU
		{D00A4A30-6C83-4306-879F-036E183F398A}.Debug|x86.Build.0 = Debug|Any CPU
		{D00A4A30-6C83-4306-879F-036E183F398A}.Release|Any CPU.ActiveCfg = Release|Any CPU
		{D00A4A30-6C83-4306-879F-036E183F398A}.Release|Any CPU.Build.0 = Release|Any CPU
		{D00A4A30-6C83-4306-879F-036E183F398A}.Release|x64.ActiveCfg = Release|Any CPU
		{D00A4A30-6C83-4306-879F-036E183F398A}.Release|x64.Build.0 = Release|Any CPU
		{D00A4A30-6C83-4306-879F-036E183F398A}.Release|x86.ActiveCfg = Release|Any CPU
		{D00A4A30-6C83-4306-879F-036E183F398A}.Release|x86.Build.0 = Release|Any CPU
		{27AFD4C7-2F98-44A4-9ADF-FF6B23B5156A}.Debug|Any CPU.ActiveCfg = Debug|Any CPU
		{27AFD4C7-2F98-44A4-9ADF-FF6B23B5156A}.Debug|Any CPU.Build.0 = Debug|Any CPU
		{27AFD4C7-2F98-44A4-9ADF-FF6B23B5156A}.Debug|x64.ActiveCfg = Debug|Any CPU
		{27AFD4C7-2F98-44A4-9ADF-FF6B23B5156A}.Debug|x64.Build.0 = Debug|Any CPU
		{27AFD4C7-2F98-44A4-9ADF-FF6B23B5156A}.Debug|x86.ActiveCfg = Debug|Any CPU
		{27AFD4C7-2F98-44A4-9ADF-FF6B23B5156A}.Debug|x86.Build.0 = Debug|Any CPU
		{27AFD4C7-2F98-44A4-9ADF-FF6B23B5156A}.Release|Any CPU.ActiveCfg = Release|Any CPU
		{27AFD4C7-2F98-44A4-9ADF-FF6B23B5156A}.Release|Any CPU.Build.0 = Release|Any CPU
		{27AFD4C7-2F98-44A4-9ADF-FF6B23B5156A}.Release|x64.ActiveCfg = Release|Any CPU
		{27AFD4C7-2F98-44A4-9ADF-FF6B23B5156A}.Release|x64.Build.0 = Release|Any CPU
		{27AFD4C7-2F98-44A4-9ADF-FF6B23B5156A}.Release|x86.ActiveCfg = Release|Any CPU
		{27AFD4C7-2F98-44A4-9ADF-FF6B23B5156A}.Release|x86.Build.0 = Release|Any CPU
		{9A086E8E-BA66-4670-921A-F4AC5BF336B5}.Debug|Any CPU.ActiveCfg = Debug|Any CPU
		{9A086E8E-BA66-4670-921A-F4AC5BF336B5}.Debug|Any CPU.Build.0 = Debug|Any CPU
		{9A086E8E-BA66-4670-921A-F4AC5BF336B5}.Debug|x64.ActiveCfg = Debug|Any CPU
		{9A086E8E-BA66-4670-921A-F4AC5BF336B5}.Debug|x64.Build.0 = Debug|Any CPU
		{9A086E8E-BA66-4670-921A-F4AC5BF336B5}.Debug|x86.ActiveCfg = Debug|Any CPU
		{9A086E8E-BA66-4670-921A-F4AC5BF336B5}.Debug|x86.Build.0 = Debug|Any CPU
		{9A086E8E-BA66-4670-921A-F4AC5BF336B5}.Release|Any CPU.ActiveCfg = Release|Any CPU
		{9A086E8E-BA66-4670-921A-F4AC5BF336B5}.Release|Any CPU.Build.0 = Release|Any CPU
		{9A086E8E-BA66-4670-921A-F4AC5BF336B5}.Release|x64.ActiveCfg = Release|Any CPU
		{9A086E8E-BA66-4670-921A-F4AC5BF336B5}.Release|x64.Build.0 = Release|Any CPU
		{9A086E8E-BA66-4670-921A-F4AC5BF336B5}.Release|x86.ActiveCfg = Release|Any CPU
		{9A086E8E-BA66-4670-921A-F4AC5BF336B5}.Release|x86.Build.0 = Release|Any CPU
	EndGlobalSection
	GlobalSection(SolutionProperties) = preSolution
		HideSolutionNode = FALSE
	EndGlobalSection
	GlobalSection(ExtensibilityGlobals) = postSolution
		SolutionGuid = {475F8B36-DE42-40E8-BE1B-0C777DD4CA4F}
	EndGlobalSection
EndGlobal
