
Microsoft Visual Studio Solution File, Format Version 12.00
# Visual Studio Version 17
VisualStudioVersion = 17.0.31903.59
MinimumVisualStudioVersion = 10.0.40219.1
Project("{9A19103F-16F7-4668-BE54-9A1E7A4F7556}") = "TheThroneOfGames.API", "TheThroneOfGames.API\TheThroneOfGames.API.csproj", "{CD775E85-9E6F-4713-8F1D-98445B64442F}"
EndProject
Project("{9A19103F-16F7-4668-BE54-9A1E7A4F7556}") = "TheThroneOfGames.Application", "TheThroneOfGames.Application\TheThroneOfGames.Application.csproj", "{0499A02A-7750-40F4-88A8-57CCD8D91BC6}"
EndProject
Project("{9A19103F-16F7-4668-BE54-9A1E7A4F7556}") = "TheThroneOfGames.Domain", "TheThroneOfGames.Domain\TheThroneOfGames.Domain.csproj", "{D00A4A30-6C83-4306-879F-036E183F398A}"
EndProject
Project("{9A19103F-16F7-4668-BE54-9A1E7A4F7556}") = "TheThroneOfGames.Infrastructure", "TheThroneOfGames.Infrastructure\TheThroneOfGames.Infrastructure.csproj", "{27AFD4C7-2F98-44A4-9ADF-FF6B23B5156A}"
EndProject
Project("{9A19103F-16F7-4668-BE54-9A1E7A4F7556}") = "PlataformaJogos.Tests", "PlataformaJogos.Tests\PlataformaJogos.Tests.csproj", "{EF7A6FA8-49F8-44A0-857D-3C2360052DB5}"
EndProject
Project("{2150E333-8FDC-42A3-9474-1A3956D46DE8}") = "Itens de Solução", "Itens de Solução", "{6137DB67-8DF8-4D2F-B4BE-60259DE445FD}"
	ProjectSection(SolutionItems) = preProject
		Read.txt = Read.txt
	EndProjectSection
EndProject
Global
	GlobalSection(SolutionConfigurationPlatforms) = preSolution
		Debug|Any CPU = Debug|Any CPU
		Release|Any CPU = Release|Any CPU
	EndGlobalSection
	GlobalSection(ProjectConfigurationPlatforms) = postSolution
		{CD775E85-9E6F-4713-8F1D-98445B64442F}.Debug|Any CPU.ActiveCfg = Debug|Any CPU
		{CD775E85-9E6F-4713-8F1D-98445B64442F}.Debug|Any CPU.Build.0 = Debug|Any CPU
		{CD775E85-9E6F-4713-8F1D-98445B64442F}.Release|Any CPU.ActiveCfg = Release|Any CPU
		{CD775E85-9E6F-4713-8F1D-98445B64442F}.Release|Any CPU.Build.0 = Release|Any CPU
		{0499A02A-7750-40F4-88A8-57CCD8D91BC6}.Debug|Any CPU.ActiveCfg = Debug|Any CPU
		{0499A02A-7750-40F4-88A8-57CCD8D91BC6}.Debug|Any CPU.Build.0 = Debug|Any CPU
		{0499A02A-7750-40F4-88A8-57CCD8D91BC6}.Release|Any CPU.ActiveCfg = Release|Any CPU
		{0499A02A-7750-40F4-88A8-57CCD8D91BC6}.Release|Any CPU.Build.0 = Release|Any CPU
		{D00A4A30-6C83-4306-879F-036E183F398A}.Debug|Any CPU.ActiveCfg = Debug|Any CPU
		{D00A4A30-6C83-4306-879F-036E183F398A}.Debug|Any CPU.Build.0 = Debug|Any CPU
		{D00A4A30-6C83-4306-879F-036E183F398A}.Release|Any CPU.ActiveCfg = Release|Any CPU
		{D00A4A30-6C83-4306-879F-036E183F398A}.Release|Any CPU.Build.0 = Release|Any CPU
		{27AFD4C7-2F98-44A4-9ADF-FF6B23B5156A}.Debug|Any CPU.ActiveCfg = Debug|Any CPU
		{27AFD4C7-2F98-44A4-9ADF-FF6B23B5156A}.Debug|Any CPU.Build.0 = Debug|Any CPU
		{27AFD4C7-2F98-44A4-9ADF-FF6B23B5156A}.Release|Any CPU.ActiveCfg = Release|Any CPU
		{27AFD4C7-2F98-44A4-9ADF-FF6B23B5156A}.Release|Any CPU.Build.0 = Release|Any CPU
		{EF7A6FA8-49F8-44A0-857D-3C2360052DB5}.Debug|Any CPU.ActiveCfg = Debug|Any CPU
		{EF7A6FA8-49F8-44A0-857D-3C2360052DB5}.Debug|Any CPU.Build.0 = Debug|Any CPU
		{EF7A6FA8-49F8-44A0-857D-3C2360052DB5}.Release|Any CPU.ActiveCfg = Release|Any CPU
		{EF7A6FA8-49F8-44A0-857D-3C2360052DB5}.Release|Any CPU.Build.0 = Release|Any CPU
	EndGlobalSection
	GlobalSection(SolutionProperties) = preSolution
		HideSolutionNode = FALSE
	EndGlobalSection
	GlobalSection(ExtensibilityGlobals) = postSolution
		SolutionGuid = {69131B3B-8745-4FBD-931E-DEC1EF0166E2}
	EndGlobalSection
EndGlobal
